{
  "name": "example-proj-client",
  "version": "1.0.0",
  "lockfileVersion": 2,
  "requires": true,
  "packages": {
    "": {
      "name": "example-proj-client",
      "version": "1.0.0",
      "license": "MIT",
      "dependencies": {
        "tsrpc": "^3.4.17"
      }
    },
    "node_modules/@types/node": {
      "version": "22.10.1",
      "resolved": "https://registry.npmjs.org/@types/node/-/node-22.10.1.tgz",
      "integrity": "sha512-qKgsUwfHZV2WCWLAnVP1JqnpE6Im6h3Y0+fYgMTasNQ7V++CBX5OT1as0g0f+OyubbFqhf6XVNIsmN4IIhEgGQ==",
      "dependencies": {
        "undici-types": "~6.20.0"
      }
    },
    "node_modules/@types/ws": {
      "version": "7.4.7",
      "resolved": "https://registry.npmjs.org/@types/ws/-/ws-7.4.7.tgz",
      "integrity": "sha512-JQbbmxZTZehdc2iszGKs5oC3NFnjeay7mtAWrdt7qNtAVK0g19muApzAy4bm9byz79xa2ZnO/BOBC2R8RC5Lww==",
      "dependencies": {
        "@types/node": "*"
      }
    },
    "node_modules/ansi-styles": {
      "version": "4.3.0",
      "resolved": "https://registry.npmjs.org/ansi-styles/-/ansi-styles-4.3.0.tgz",
      "integrity": "sha512-zbB9rCJAT1rbjiVDb2hqKFHNYLxgtk8NURxZ3IZwD3F6NtxbXZQCnnSi1Lkx+IDohdPlFp222wVALIheZJQSEg==",
      "dependencies": {
        "color-convert": "^2.0.1"
      },
      "engines": {
        "node": ">=8"
      },
      "funding": {
        "url": "https://github.com/chalk/ansi-styles?sponsor=1"
      }
    },
    "node_modules/chalk": {
      "version": "4.1.2",
      "resolved": "https://registry.npmjs.org/chalk/-/chalk-4.1.2.tgz",
      "integrity": "sha512-oKnbhFyRIXpUuez8iBMmyEa4nbj4IOQyuhc/wy9kY7/WVPcwIO9VA668Pu8RkO7+0G76SLROeyw9CpQ061i4mA==",
      "dependencies": {
        "ansi-styles": "^4.1.0",
        "supports-color": "^7.1.0"
      },
      "engines": {
        "node": ">=10"
      },
      "funding": {
        "url": "https://github.com/chalk/chalk?sponsor=1"
      }
    },
    "node_modules/color-convert": {
      "version": "2.0.1",
      "resolved": "https://registry.npmjs.org/color-convert/-/color-convert-2.0.1.tgz",
      "integrity": "sha512-RRECPsj7iu/xb5oKYcsFHSppFNnsj/52OVTRKb4zP5onXwVF3zVmmToNcOfGC+CRDpfK/U584fMg38ZHCaElKQ==",
      "dependencies": {
        "color-name": "~1.1.4"
      },
      "engines": {
        "node": ">=7.0.0"
      }
    },
    "node_modules/color-name": {
      "version": "1.1.4",
      "resolved": "https://registry.npmjs.org/color-name/-/color-name-1.1.4.tgz",
      "integrity": "sha512-dOy+3AuW3a2wNbZHIuMZpTcgjGuLU/uBL/ubcZF9OXbDo8ff4O8yVp5Bf0efS8uEoYo5q4Fx7dY9OgQGXgAsQA=="
    },
    "node_modules/has-flag": {
      "version": "4.0.0",
      "resolved": "https://registry.npmjs.org/has-flag/-/has-flag-4.0.0.tgz",
      "integrity": "sha512-EykJT/Q1KjTWctppgIAgfSO0tKVuZUjhgMr17kqTumMl6Afv3EISleU7qZUzoXDFTAHTDC4NOoG/ZxU3EvlMPQ==",
      "engines": {
        "node": ">=8"
      }
    },
    "node_modules/k8w-extend-native": {
      "version": "1.4.6",
      "resolved": "https://registry.npmjs.org/k8w-extend-native/-/k8w-extend-native-1.4.6.tgz",
      "integrity": "sha512-AHTCyFshldMme0s9FKD+QKG+QZdBkHXzl+8kYfNhsSDhcdQ5TYWQwphjecSJjxNdGd78TIbO0fHiOvM+Ei22YA==",
      "dependencies": {
        "k8w-linq-array": "*",
        "k8w-super-date": "*",
        "k8w-super-object": "*"
      }
    },
    "node_modules/k8w-linq-array": {
      "version": "0.2.8",
      "resolved": "https://registry.npmjs.org/k8w-linq-array/-/k8w-linq-array-0.2.8.tgz",
      "integrity": "sha512-4IAkQN8UJdk804tQi++wuwSZvFWk/Wcl1uG5PR/0c0YvB5hUd2f8tJm3OgOMOxjV9UVByNLvnPYGIwrFQPpjlA=="
    },
    "node_modules/k8w-super-date": {
      "version": "0.1.3",
      "resolved": "https://registry.npmjs.org/k8w-super-date/-/k8w-super-date-0.1.3.tgz",
      "integrity": "sha512-IBqKOAMAXR/bgzu+rYI30tEMP/Y6Q8HQuqJiTkE2mLJg11yok9guoi8uZTynTahviVBndcfBpOgi1H/zhihv7w=="
    },
    "node_modules/k8w-super-object": {
      "version": "0.3.0",
      "resolved": "https://registry.npmjs.org/k8w-super-object/-/k8w-super-object-0.3.0.tgz",
      "integrity": "sha512-u2jfh4goYXKZmSucaLaOTaNbLRatjv0CSRpzE0KU0732+9XtYZFd5vrdw/mzJfK5fPHb/zyikOSHDX5mJrav+g=="
    },
    "node_modules/supports-color": {
      "version": "7.2.0",
      "resolved": "https://registry.npmjs.org/supports-color/-/supports-color-7.2.0.tgz",
      "integrity": "sha512-qpCAvRl9stuOHveKsn7HncJRvv501qIacKzQlO/+Lwxc9+0q2wLyv4Dfvt80/DPn2pqOBsJdDiogXGR9+OvwRw==",
      "dependencies": {
        "has-flag": "^4.0.0"
      },
      "engines": {
        "node": ">=8"
      }
    },
    "node_modules/tsbuffer": {
      "version": "2.2.9",
      "resolved": "https://registry.npmjs.org/tsbuffer/-/tsbuffer-2.2.9.tgz",
      "integrity": "sha512-PZtbjmtMDziIi1/RPn1LMuMTmNUsZajB+Ziz+HxonAxswXeam0ukTwjQ2eYR6J1JOffz7E8z5ip+NrYZ7wGnBQ==",
      "dependencies": {
        "k8w-extend-native": "^1.4.6",
        "tsbuffer-validator": "^2.1.2",
        "tslib": "*"
      }
    },
    "node_modules/tsbuffer-schema": {
      "version": "2.2.0",
      "resolved": "https://registry.npmjs.org/tsbuffer-schema/-/tsbuffer-schema-2.2.0.tgz",
      "integrity": "sha512-I4+5Xfk7G+D++kXdNnYTeY26WQTaf14C84XQwPKteNmrwxRY3CQCkMqASRiCUqtpOuDn43qmoxuXpT+Vo8Wltg=="
    },
    "node_modules/tsbuffer-validator": {
      "version": "2.1.2",
      "resolved": "https://registry.npmjs.org/tsbuffer-validator/-/tsbuffer-validator-2.1.2.tgz",
      "integrity": "sha512-PrqIYy7aANY7ssr92HJN8ZM+eGc4Qmpvu7nNBv+T2DOAb+eqblKjlDZEhNnzxjs/ddqu9PqPe4Aa+fqYdzo98g==",
      "dependencies": {
        "k8w-extend-native": "^1.4.6",
        "tsbuffer-schema": "^2.2.0",
        "tslib": "*"
      }
    },
    "node_modules/tslib": {
      "version": "2.8.1",
      "resolved": "https://registry.npmjs.org/tslib/-/tslib-2.8.1.tgz",
      "integrity": "sha512-oJFu94HQb+KVduSUQL7wnpmqnfmLsOA/nAh6b6EH0wCEoK0/mPeXU6c3wKDV83MkOuHPRHtSXKKU99IBazS/2w=="
    },
    "node_modules/tsrpc": {
      "version": "3.4.17",
      "resolved": "https://registry.npmjs.org/tsrpc/-/tsrpc-3.4.17.tgz",
      "integrity": "sha512-adKkPBhaEEHLlU2Y8DhgmURbDYPyR/PyOAeiOrqtgjFpeoW4mst898bZp6hrD6Uujn6nXIxSlBw6e83cG5IRcQ==",
      "dependencies": {
        "@types/ws": "^7.4.7",
        "chalk": "^4.1.2",
        "tsbuffer": "^2.2.9",
        "tsrpc-base-client": "^2.1.15",
        "tsrpc-proto": "^1.4.3",
        "uuid": "^8.3.2",
        "ws": "^7.5.9"
      }
    },
    "node_modules/tsrpc-base-client": {
      "version": "2.1.15",
      "resolved": "https://registry.npmjs.org/tsrpc-base-client/-/tsrpc-base-client-2.1.15.tgz",
      "integrity": "sha512-ejIsGKF1MtcS2Mqpv1JYjoOmFbkOMaubb0FYglA52Sfl0glnq2UAqbCu5embQISzuIF9DiDeg1Rui9EyOc2hdA==",
      "dependencies": {
        "k8w-extend-native": "^1.4.6",
        "tsbuffer": "^2.2.9",
        "tslib": "*",
        "tsrpc-proto": "^1.4.3"
      }
    },
    "node_modules/tsrpc-proto": {
      "version": "1.4.3",
      "resolved": "https://registry.npmjs.org/tsrpc-proto/-/tsrpc-proto-1.4.3.tgz",
      "integrity": "sha512-qtkk5i34m9/K1258EdyXAEikU/ADPELHCCXN/oFJ4XwH+kN3kXnKYmwCDblUuMA73V2+A/EwkgUGyAgPa335Hw==",
      "dependencies": {
        "tsbuffer-schema": "^2.2.0",
        "tslib": "*"
      }
    },
    "node_modules/undici-types": {
      "version": "6.20.0",
      "resolved": "https://registry.npmjs.org/undici-types/-/undici-types-6.20.0.tgz",
      "integrity": "sha512-Ny6QZ2Nju20vw1SRHe3d9jVu6gJ+4e3+MMpqu7pqE5HT6WsTSlce++GQmK5UXS8mzV8DSYHrQH+Xrf2jVcuKNg=="
    },
    "node_modules/uuid": {
      "version": "8.3.2",
      "resolved": "https://registry.npmjs.org/uuid/-/uuid-8.3.2.tgz",
      "integrity": "sha512-+NYs2QeMWy+GWFOEm9xnn6HCDp0l7QBD7ml8zLUmJ+93Q5NF0NocErnwkTkXVFNiX3/fpC6afS8Dhb/gz7R7eg==",
      "bin": {
        "uuid": "dist/bin/uuid"
      }
    },
    "node_modules/ws": {
      "version": "7.5.10",
      "resolved": "https://registry.npmjs.org/ws/-/ws-7.5.10.tgz",
      "integrity": "sha512-+dbF1tHwZpXcbOJdVOkzLDxZP1ailvSxM6ZweXTegylPny803bFhA+vqBYw4s31NSAk4S2Qz+AKXK9a4wkdjcQ==",
      "engines": {
        "node": ">=8.3.0"
      },
      "peerDependencies": {
        "bufferutil": "^4.0.1",
        "utf-8-validate": "^5.0.2"
      },
      "peerDependenciesMeta": {
        "bufferutil": {
          "optional": true
        },
        "utf-8-validate": {
          "optional": true
        }
      }
    }
  },
  "dependencies": {
    "@types/node": {
      "version": "22.10.1",
      "resolved": "https://registry.npmjs.org/@types/node/-/node-22.10.1.tgz",
      "integrity": "sha512-qKgsUwfHZV2WCWLAnVP1JqnpE6Im6h3Y0+fYgMTasNQ7V++CBX5OT1as0g0f+OyubbFqhf6XVNIsmN4IIhEgGQ==",
      "requires": {
        "undici-types": "~6.20.0"
      }
    },
    "@types/ws": {
      "version": "7.4.7",
      "resolved": "https://registry.npmjs.org/@types/ws/-/ws-7.4.7.tgz",
      "integrity": "sha512-JQbbmxZTZehdc2iszGKs5oC3NFnjeay7mtAWrdt7qNtAVK0g19muApzAy4bm9byz79xa2ZnO/BOBC2R8RC5Lww==",
      "requires": {
        "@types/node": "*"
      }
    },
    "ansi-styles": {
      "version": "4.3.0",
      "resolved": "https://registry.npmjs.org/ansi-styles/-/ansi-styles-4.3.0.tgz",
      "integrity": "sha512-zbB9rCJAT1rbjiVDb2hqKFHNYLxgtk8NURxZ3IZwD3F6NtxbXZQCnnSi1Lkx+IDohdPlFp222wVALIheZJQSEg==",
      "requires": {
        "color-convert": "^2.0.1"
      }
    },
    "chalk": {
      "version": "4.1.2",
      "resolved": "https://registry.npmjs.org/chalk/-/chalk-4.1.2.tgz",
      "integrity": "sha512-oKnbhFyRIXpUuez8iBMmyEa4nbj4IOQyuhc/wy9kY7/WVPcwIO9VA668Pu8RkO7+0G76SLROeyw9CpQ061i4mA==",
      "requires": {
        "ansi-styles": "^4.1.0",
        "supports-color": "^7.1.0"
      }
    },
    "color-convert": {
      "version": "2.0.1",
      "resolved": "https://registry.npmjs.org/color-convert/-/color-convert-2.0.1.tgz",
      "integrity": "sha512-RRECPsj7iu/xb5oKYcsFHSppFNnsj/52OVTRKb4zP5onXwVF3zVmmToNcOfGC+CRDpfK/U584fMg38ZHCaElKQ==",
      "requires": {
        "color-name": "~1.1.4"
      }
    },
    "color-name": {
      "version": "1.1.4",
      "resolved": "https://registry.npmjs.org/color-name/-/color-name-1.1.4.tgz",
      "integrity": "sha512-dOy+3AuW3a2wNbZHIuMZpTcgjGuLU/uBL/ubcZF9OXbDo8ff4O8yVp5Bf0efS8uEoYo5q4Fx7dY9OgQGXgAsQA=="
    },
    "has-flag": {
      "version": "4.0.0",
      "resolved": "https://registry.npmjs.org/has-flag/-/has-flag-4.0.0.tgz",
      "integrity": "sha512-EykJT/Q1KjTWctppgIAgfSO0tKVuZUjhgMr17kqTumMl6Afv3EISleU7qZUzoXDFTAHTDC4NOoG/ZxU3EvlMPQ=="
    },
    "k8w-extend-native": {
      "version": "1.4.6",
      "resolved": "https://registry.npmjs.org/k8w-extend-native/-/k8w-extend-native-1.4.6.tgz",
      "integrity": "sha512-AHTCyFshldMme0s9FKD+QKG+QZdBkHXzl+8kYfNhsSDhcdQ5TYWQwphjecSJjxNdGd78TIbO0fHiOvM+Ei22YA==",
      "requires": {
        "k8w-linq-array": "*",
        "k8w-super-date": "*",
        "k8w-super-object": "*"
      }
    },
    "k8w-linq-array": {
      "version": "0.2.8",
      "resolved": "https://registry.npmjs.org/k8w-linq-array/-/k8w-linq-array-0.2.8.tgz",
      "integrity": "sha512-4IAkQN8UJdk804tQi++wuwSZvFWk/Wcl1uG5PR/0c0YvB5hUd2f8tJm3OgOMOxjV9UVByNLvnPYGIwrFQPpjlA=="
    },
    "k8w-super-date": {
      "version": "0.1.3",
      "resolved": "https://registry.npmjs.org/k8w-super-date/-/k8w-super-date-0.1.3.tgz",
      "integrity": "sha512-IBqKOAMAXR/bgzu+rYI30tEMP/Y6Q8HQuqJiTkE2mLJg11yok9guoi8uZTynTahviVBndcfBpOgi1H/zhihv7w=="
    },
    "k8w-super-object": {
      "version": "0.3.0",
      "resolved": "https://registry.npmjs.org/k8w-super-object/-/k8w-super-object-0.3.0.tgz",
      "integrity": "sha512-u2jfh4goYXKZmSucaLaOTaNbLRatjv0CSRpzE0KU0732+9XtYZFd5vrdw/mzJfK5fPHb/zyikOSHDX5mJrav+g=="
    },
    "supports-color": {
      "version": "7.2.0",
      "resolved": "https://registry.npmjs.org/supports-color/-/supports-color-7.2.0.tgz",
      "integrity": "sha512-qpCAvRl9stuOHveKsn7HncJRvv501qIacKzQlO/+Lwxc9+0q2wLyv4Dfvt80/DPn2pqOBsJdDiogXGR9+OvwRw==",
      "requires": {
        "has-flag": "^4.0.0"
      }
    },
    "tsbuffer": {
      "version": "2.2.9",
      "resolved": "https://registry.npmjs.org/tsbuffer/-/tsbuffer-2.2.9.tgz",
      "integrity": "sha512-PZtbjmtMDziIi1/RPn1LMuMTmNUsZajB+Ziz+HxonAxswXeam0ukTwjQ2eYR6J1JOffz7E8z5ip+NrYZ7wGnBQ==",
      "requires": {
        "k8w-extend-native": "^1.4.6",
        "tsbuffer-validator": "^2.1.2",
        "tslib": "*"
      }
    },
    "tsbuffer-schema": {
      "version": "2.2.0",
      "resolved": "https://registry.npmjs.org/tsbuffer-schema/-/tsbuffer-schema-2.2.0.tgz",
      "integrity": "sha512-I4+5Xfk7G+D++kXdNnYTeY26WQTaf14C84XQwPKteNmrwxRY3CQCkMqASRiCUqtpOuDn43qmoxuXpT+Vo8Wltg=="
    },
    "tsbuffer-validator": {
      "version": "2.1.2",
      "resolved": "https://registry.npmjs.org/tsbuffer-validator/-/tsbuffer-validator-2.1.2.tgz",
      "integrity": "sha512-PrqIYy7aANY7ssr92HJN8ZM+eGc4Qmpvu7nNBv+T2DOAb+eqblKjlDZEhNnzxjs/ddqu9PqPe4Aa+fqYdzo98g==",
      "requires": {
        "k8w-extend-native": "^1.4.6",
        "tsbuffer-schema": "^2.2.0",
        "tslib": "*"
      }
    },
    "tslib": {
      "version": "2.8.1",
      "resolved": "https://registry.npmjs.org/tslib/-/tslib-2.8.1.tgz",
      "integrity": "sha512-oJFu94HQb+KVduSUQL7wnpmqnfmLsOA/nAh6b6EH0wCEoK0/mPeXU6c3wKDV83MkOuHPRHtSXKKU99IBazS/2w=="
    },
    "tsrpc": {
      "version": "3.4.17",
      "resolved": "https://registry.npmjs.org/tsrpc/-/tsrpc-3.4.17.tgz",
      "integrity": "sha512-adKkPBhaEEHLlU2Y8DhgmURbDYPyR/PyOAeiOrqtgjFpeoW4mst898bZp6hrD6Uujn6nXIxSlBw6e83cG5IRcQ==",
      "requires": {
        "@types/ws": "^7.4.7",
        "chalk": "^4.1.2",
        "tsbuffer": "^2.2.9",
        "tsrpc-base-client": "^2.1.15",
        "tsrpc-proto": "^1.4.3",
        "uuid": "^8.3.2",
        "ws": "^7.5.9"
      }
    },
    "tsrpc-base-client": {
      "version": "2.1.15",
      "resolved": "https://registry.npmjs.org/tsrpc-base-client/-/tsrpc-base-client-2.1.15.tgz",
      "integrity": "sha512-ejIsGKF1MtcS2Mqpv1JYjoOmFbkOMaubb0FYglA52Sfl0glnq2UAqbCu5embQISzuIF9DiDeg1Rui9EyOc2hdA==",
      "requires": {
        "k8w-extend-native": "^1.4.6",
        "tsbuffer": "^2.2.9",
        "tslib": "*",
        "tsrpc-proto": "^1.4.3"
      }
    },
    "tsrpc-proto": {
      "version": "1.4.3",
      "resolved": "https://registry.npmjs.org/tsrpc-proto/-/tsrpc-proto-1.4.3.tgz",
      "integrity": "sha512-qtkk5i34m9/K1258EdyXAEikU/ADPELHCCXN/oFJ4XwH+kN3kXnKYmwCDblUuMA73V2+A/EwkgUGyAgPa335Hw==",
      "requires": {
        "tsbuffer-schema": "^2.2.0",
        "tslib": "*"
      }
    },
    "undici-types": {
      "version": "6.20.0",
      "resolved": "https://registry.npmjs.org/undici-types/-/undici-types-6.20.0.tgz",
      "integrity": "sha512-Ny6QZ2Nju20vw1SRHe3d9jVu6gJ+4e3+MMpqu7pqE5HT6WsTSlce++GQmK5UXS8mzV8DSYHrQH+Xrf2jVcuKNg=="
    },
    "uuid": {
      "version": "8.3.2",
      "resolved": "https://registry.npmjs.org/uuid/-/uuid-8.3.2.tgz",
      "integrity": "sha512-+NYs2QeMWy+GWFOEm9xnn6HCDp0l7QBD7ml8zLUmJ+93Q5NF0NocErnwkTkXVFNiX3/fpC6afS8Dhb/gz7R7eg=="
    },
    "ws": {
      "version": "7.5.10",
      "resolved": "https://registry.npmjs.org/ws/-/ws-7.5.10.tgz",
      "integrity": "sha512-+dbF1tHwZpXcbOJdVOkzLDxZP1ailvSxM6ZweXTegylPny803bFhA+vqBYw4s31NSAk4S2Qz+AKXK9a4wkdjcQ==",
      "requires": {}
    }
  }
}
